// !$*UTF8*$!
{
	archiveVersion = 1;
	classes = {
	};
	objectVersion = 77;
	objects = {

/* Begin PBXBuildFile section */
		01C0CB4BFE9E452022D2CCBA /* OperationStoreDiscoverTests.swift in Sources */ = {isa = PBXBuildFile; fileRef = A2BA108919481C0027D5AF1A /* OperationStoreDiscoverTests.swift */; };
		0334E601141F319BD184765E /* ViewBodySettingsTests.swift in Sources */ = {isa = PBXBuildFile; fileRef = 84FD23B119C0EF0C8AF476F7 /* ViewBodySettingsTests.swift */; };
		0826E11270ED0FA237B705B2 /* ModelTests.swift in Sources */ = {isa = PBXBuildFile; fileRef = E71639A2C13114AA869A29A2 /* ModelTests.swift */; };
		0F53B01C5FB418F2E0F21958 /* RequestEditorStore.swift in Sources */ = {isa = PBXBuildFile; fileRef = 16B1333634325C9014B30215 /* RequestEditorStore.swift */; };
		1093DC51289005A4BD27BB83 /* AuthTokenBar.swift in Sources */ = {isa = PBXBuildFile; fileRef = 79E9EE06CF56A0FE060E1B2C /* AuthTokenBar.swift */; };
		112B8F8270205C8C15037498 /* OperationStore.swift in Sources */ = {isa = PBXBuildFile; fileRef = 926DD7FBFC963B738C4C723D /* OperationStore.swift */; };
		11E8D68940EDF4F5662B66D7 /* EnvironmentStoreAdditionalTests.swift in Sources */ = {isa = PBXBuildFile; fileRef = 973C7165498B02D1F2C6E499 /* EnvironmentStoreAdditionalTests.swift */; };
		14FAC2056741C48F021B990D /* RequestSections.swift in Sources */ = {isa = PBXBuildFile; fileRef = F68704B64E7EA7F3B3F17F5A /* RequestSections.swift */; };
		19EA5B4E0E86E38B5BAAC478 /* RootView.swift in Sources */ = {isa = PBXBuildFile; fileRef = FC46B4D299E40B8FB191E1C5 /* RootView.swift */; };
		1F84E3CBD50ED66A52725671 /* SpecCacheTests.swift in Sources */ = {isa = PBXBuildFile; fileRef = 762FE19D5939DB9E9FFD4A78 /* SpecCacheTests.swift */; };
		240CB85AD76A5918462F95D2 /* AuthorizeSheet.swift in Sources */ = {isa = PBXBuildFile; fileRef = 6FCDE48D3285F986E4DBC9D8 /* AuthorizeSheet.swift */; };
		2481D731871FB71DEA6F3B6B /* ParsedSpec.swift in Sources */ = {isa = PBXBuildFile; fileRef = 64F1D6EF1D66D8B90F47B7BC /* ParsedSpec.swift */; };
		248E8A934D1D13E6A88F672B /* Assets.xcassets in Resources */ = {isa = PBXBuildFile; fileRef = DCCDF9E50D5C28F78BE52593 /* Assets.xcassets */; };
		25EC3ACDAF7D3361B9594DC7 /* ModelContainerFactory.swift in Sources */ = {isa = PBXBuildFile; fileRef = 8D4498D6A072185815FC0CB6 /* ModelContainerFactory.swift */; };
		2964399335E1DA9F9CEDDBA3 /* EnvironmentStore.swift in Sources */ = {isa = PBXBuildFile; fileRef = 5969A4F5BD5921F28DF68692 /* EnvironmentStore.swift */; };
		2A6BDD6C2DD777529B54F4C4 /* FavoriteStore.swift in Sources */ = {isa = PBXBuildFile; fileRef = 61DEA09F6D90C81FC636072B /* FavoriteStore.swift */; };
		2B9AC3557B4252D7BE49D0CB /* SpecCache.swift in Sources */ = {isa = PBXBuildFile; fileRef = AC0C1004E596254D3341DD1B /* SpecCache.swift */; };
		318F0C7079BF7448E178FC51 /* ViewBodyRenderTests.swift in Sources */ = {isa = PBXBuildFile; fileRef = C544CF623800C197935FFFAA /* ViewBodyRenderTests.swift */; };
		343152CCF1BE6138255A5E29 /* ProjectStoreAdditionalTests.swift in Sources */ = {isa = PBXBuildFile; fileRef = 0D6E093BD0F09AD8AC7BBD68 /* ProjectStoreAdditionalTests.swift */; };
		393C7B66E9B8CADDA87F225E /* OpenAPIKit30 in Frameworks */ = {isa = PBXBuildFile; productRef = 0C149ED80EFC497E8DB17CB2 /* OpenAPIKit30 */; };
		3D6D2CFCB6E1E61E6CBECE79 /* CurlBuilder.swift in Sources */ = {isa = PBXBuildFile; fileRef = 9062C32CD9E4EB70E017B25F /* CurlBuilder.swift */; };
		3E5BEB1EE17445418F53D426 /* APIEnvironment.swift in Sources */ = {isa = PBXBuildFile; fileRef = DECCE7EFD5AB5AAB04D2D054 /* APIEnvironment.swift */; };
		46A700B5487A96F8CCC8172C /* HistoryStore.swift in Sources */ = {isa = PBXBuildFile; fileRef = DF6A36E4B2D1D1C940AA296B /* HistoryStore.swift */; };
		47E410EF778B64A7B3A4A1AE /* FavoriteStoreTests.swift in Sources */ = {isa = PBXBuildFile; fileRef = 924F234A82186768545ADDC7 /* FavoriteStoreTests.swift */; };
		4D0972A168C4C2060A23875C /* HTTPResponse.swift in Sources */ = {isa = PBXBuildFile; fileRef = 789F794DBCB6AEA813331340 /* HTTPResponse.swift */; };
		4F22A03EA177FC3832A89B14 /* ViewBodyTests.swift in Sources */ = {isa = PBXBuildFile; fileRef = 12818D4C06F12DAB74B8A037 /* ViewBodyTests.swift */; };
		57C882656DA7F87D6231B3FF /* Color+HTTPStatus.swift in Sources */ = {isa = PBXBuildFile; fileRef = 6BF9AE9A24ABC19490725ACF /* Color+HTTPStatus.swift */; };
		5CE73B88E0E6CF6B846AD88E /* SnapshotTesting in Frameworks */ = {isa = PBXBuildFile; productRef = C1432EC9278C04DD6E0CD004 /* SnapshotTesting */; };
		5F949B93FC55D72CA6402E8A /* ProjectStoreTests.swift in Sources */ = {isa = PBXBuildFile; fileRef = 74743855C2DA1865C9A0DFFA /* ProjectStoreTests.swift */; };
		618A32FF8CA1969B53DB21F1 /* SnippetBuilder.swift in Sources */ = {isa = PBXBuildFile; fileRef = 2FA60E72D2BEBD5463D92FB0 /* SnippetBuilder.swift */; };
		62C02B3FAFE61A8C5645683A /* SnippetBuilderTests.swift in Sources */ = {isa = PBXBuildFile; fileRef = 97919EAA1F436C4A2AF320C7 /* SnippetBuilderTests.swift */; };
		63D419131EE39B6D9221A342 /* OpenAPIParserAdditionalTests.swift in Sources */ = {isa = PBXBuildFile; fileRef = 34F7964EA1B00527D3B0A052 /* OpenAPIParserAdditionalTests.swift */; };
		68A2048D0115BA9B60166BB9 /* HTTPClientTests.swift in Sources */ = {isa = PBXBuildFile; fileRef = CC272CB1EE427B38104CBC28 /* HTTPClientTests.swift */; };
		6926FB87BFB9FBDBDA2BEF09 /* HistoryItem.swift in Sources */ = {isa = PBXBuildFile; fileRef = 278B0F89749F7BAF2651F0ED /* HistoryItem.swift */; };
		6CB1A40C6AEF6947C8AAE8A4 /* ViewBodyRequestSectionTests.swift in Sources */ = {isa = PBXBuildFile; fileRef = 309C10D35E14B1C32A139AE5 /* ViewBodyRequestSectionTests.swift */; };
		6FC5015E23170CC177AFCE32 /* HistoryStoreTests.swift in Sources */ = {isa = PBXBuildFile; fileRef = 48E84030EE82B02866797926 /* HistoryStoreTests.swift */; };
		6FF47F8BCCD1AD840265F8AC /* SwaggerManApp.swift in Sources */ = {isa = PBXBuildFile; fileRef = 3F20ECBCB8B05CC12259B409 /* SwaggerManApp.swift */; };
		72C216CFB037AB8C1E164C9E /* RequestEditorStoreAdditionalTests.swift in Sources */ = {isa = PBXBuildFile; fileRef = CC4D6432A417F1295D346882 /* RequestEditorStoreAdditionalTests.swift */; };
		7C47657D9BC71901631647B9 /* Protocols.swift in Sources */ = {isa = PBXBuildFile; fileRef = DC8516FD82630ADE4A4D3DDE /* Protocols.swift */; };
		7D43F1170AC91B1BFBCCB586 /* HTTPClient.swift in Sources */ = {isa = PBXBuildFile; fileRef = F127BF4AE928639007808D35 /* HTTPClient.swift */; };
		8004A63FD25EDF98BACD0112 /* CurlBuilderTests.swift in Sources */ = {isa = PBXBuildFile; fileRef = 7DEE2D46662185752731E699 /* CurlBuilderTests.swift */; };
		801A6430CC8E4A872DE05EDC /* OpenAPIParser.swift in Sources */ = {isa = PBXBuildFile; fileRef = 27592C48D763DBB3C5122AA4 /* OpenAPIParser.swift */; };
		84161534B2D7B1BE7FD90E6F /* ProjectListEditor.swift in Sources */ = {isa = PBXBuildFile; fileRef = 62D0C3B971847E595DC46323 /* ProjectListEditor.swift */; };
		85246807F05677D962084A5E /* PersistenceTests.swift in Sources */ = {isa = PBXBuildFile; fileRef = D0C551C1B3F50B78FE0EA360 /* PersistenceTests.swift */; };
		899A8D8904C1468C067B53B8 /* ParamsTab.swift in Sources */ = {isa = PBXBuildFile; fileRef = 721467F53D70168DBFA6BFD1 /* ParamsTab.swift */; };
		8A765F6F615FC4F0C78A695C /* SidebarView.swift in Sources */ = {isa = PBXBuildFile; fileRef = F659A87CAD169AF087503594 /* SidebarView.swift */; };
		8C01AFF1DE753019FFE54A22 /* PersistenceModelTests.swift in Sources */ = {isa = PBXBuildFile; fileRef = 50AC1909D2BEF6CEA6713E17 /* PersistenceModelTests.swift */; };
		8F41631B5F1399856A5C9F88 /* HTTPRequest.swift in Sources */ = {isa = PBXBuildFile; fileRef = DC86D6254F4B11874D1419A7 /* HTTPRequest.swift */; };
		92E124973FB679263BE73833 /* FavoriteOperation.swift in Sources */ = {isa = PBXBuildFile; fileRef = C14D0853E92D00EB76DD6555 /* FavoriteOperation.swift */; };
		93809A9D8269F9F0018EA283 /* OperationStoreTests.swift in Sources */ = {isa = PBXBuildFile; fileRef = 32E29BFBE727A2F9044E73D0 /* OperationStoreTests.swift */; };
		965804DFAB50D5EC081D9D97 /* SavedRequest.swift in Sources */ = {isa = PBXBuildFile; fileRef = CC90FB82B4747FF3594457B0 /* SavedRequest.swift */; };
		967A570A3EF061B84373EB05 /* RequestCollection.swift in Sources */ = {isa = PBXBuildFile; fileRef = 4E20515048111F4AB288E818 /* RequestCollection.swift */; };
		97EC482DCF3964ECEF239C7A /* RequestEditorStoreTests.swift in Sources */ = {isa = PBXBuildFile; fileRef = 457130744A25CF369BA64496 /* RequestEditorStoreTests.swift */; };
		A954B8E9418C59A79D6DCF6A /* EnvironmentEditor.swift in Sources */ = {isa = PBXBuildFile; fileRef = B12077D1B02E17A7FE2B6E0E /* EnvironmentEditor.swift */; };
		AA70BDC1B4333EE3A52DCCDC /* Yams in Frameworks */ = {isa = PBXBuildFile; productRef = F509A6B39E3528F956DF929B /* Yams */; };
		AD8F794158DAC1B371F2F51F /* MockURLProtocol.swift in Sources */ = {isa = PBXBuildFile; fileRef = 0232872888283B71F922CE78 /* MockURLProtocol.swift */; };
		AE56BC7182358F8AD81BB630 /* TopBar.swift in Sources */ = {isa = PBXBuildFile; fileRef = 7F1310A65B8AD0EC02905F3A /* TopBar.swift */; };
		AF4AD9BB0A8A980B23215DA3 /* Placeholder.swift in Sources */ = {isa = PBXBuildFile; fileRef = 6D44C6F0EA53F4BC29712C8D /* Placeholder.swift */; };
		AF65780F95BB3204FCBDCA69 /* HistoryStoreDeleteTests.swift in Sources */ = {isa = PBXBuildFile; fileRef = 374A447C9230D2249E2084C6 /* HistoryStoreDeleteTests.swift */; };
		B57C0D40E35D2FC5E60CC6F4 /* ViewBodyFormActionTests.swift in Sources */ = {isa = PBXBuildFile; fileRef = 938AFB9E5134726A33D42F24 /* ViewBodyFormActionTests.swift */; };
		B83CDBDD31E48FDC6E22F00F /* RequestEditorStoreHistoryTests.swift in Sources */ = {isa = PBXBuildFile; fileRef = 64CC7EE60ABDE433D5395B4A /* RequestEditorStoreHistoryTests.swift */; };
		B8744B6BD3C46660A33B9838 /* RequestPaneView.swift in Sources */ = {isa = PBXBuildFile; fileRef = 69361D4DB5BC006AB0B848EF /* RequestPaneView.swift */; };
		BAC6B7E6705E91A7B89AED33 /* ViewBodyResponseTests.swift in Sources */ = {isa = PBXBuildFile; fileRef = BF4A90FFBD1C7ECF08EED312 /* ViewBodyResponseTests.swift */; };
		C7104FC28C41526D383F0A01 /* ProjectStore.swift in Sources */ = {isa = PBXBuildFile; fileRef = 331D0CBD3D18384914C02DD8 /* ProjectStore.swift */; };
		C9608399FDA21E4C3FE13110 /* MockServices.swift in Sources */ = {isa = PBXBuildFile; fileRef = 7D271630BE62CEFBA75F5B93 /* MockServices.swift */; };
		D0C32598577279B7B4A2E40D /* ViewBodyComponentTests.swift in Sources */ = {isa = PBXBuildFile; fileRef = CA11152485126EE021E9F2C2 /* ViewBodyComponentTests.swift */; };
		D161EB749901D339E7350BD7 /* AuthTab.swift in Sources */ = {isa = PBXBuildFile; fileRef = 08A18BD636AA806BF227DEFD /* AuthTab.swift */; };
		D1A5846A4211C266FC76E163 /* ResponsePaneView.swift in Sources */ = {isa = PBXBuildFile; fileRef = C59FF4575FF1EAF7524D153A /* ResponsePaneView.swift */; };
		D4A53B6CCF45D44DCCB3C15E /* OpenAPIParserTests.swift in Sources */ = {isa = PBXBuildFile; fileRef = 5FB0D71794C859F51DC455F4 /* OpenAPIParserTests.swift */; };
		D8161EFC574E3B0E4B43ED13 /* SwaggerManError.swift in Sources */ = {isa = PBXBuildFile; fileRef = 6B17EDA67B620F605EF7D167 /* SwaggerManError.swift */; };
		DB8CF4F8B59BCB5FFA259746 /* HeadersTab.swift in Sources */ = {isa = PBXBuildFile; fileRef = 3F9D1C30E3F0F4D175D0C4A7 /* HeadersTab.swift */; };
		DFC973A31673DD1988184B9A /* EnvironmentStoreTests.swift in Sources */ = {isa = PBXBuildFile; fileRef = AAC7B57BAA92A183D00B4FCB /* EnvironmentStoreTests.swift */; };
		E337F0C04AD8BED1E2EE57FA /* KeychainAccess in Frameworks */ = {isa = PBXBuildFile; productRef = 71BDFAF1A9574AC512D9B08F /* KeychainAccess */; };
		E46E110E35024CC470DAD734 /* Project.swift in Sources */ = {isa = PBXBuildFile; fileRef = 6D7D745D56D7C8C9C78C7ECA /* Project.swift */; };
		E807817B6791828EB05BBBB6 /* OperationStoreAdditionalTests.swift in Sources */ = {isa = PBXBuildFile; fileRef = EBF3AD128B05DBB11BD6D624 /* OperationStoreAdditionalTests.swift */; };
		ECDA00520DFDBBB474D0D8A6 /* Operation.swift in Sources */ = {isa = PBXBuildFile; fileRef = 808E4F522ACED6C40C8A27E3 /* Operation.swift */; };
		F93A499E3B17E594E97B228C /* BodyTab.swift in Sources */ = {isa = PBXBuildFile; fileRef = 703D49FC435639AE8C06D6E0 /* BodyTab.swift */; };
/* End PBXBuildFile section */

/* Begin PBXContainerItemProxy section */
		F920363C51EFBBA0FF6F5668 /* PBXContainerItemProxy */ = {
			isa = PBXContainerItemProxy;
			containerPortal = E24DF78E1A27B7320FD84DAA /* Project object */;
			proxyType = 1;
			remoteGlobalIDString = 79B4E1F9C6CAED45D5DEC30C;
			remoteInfo = SwaggerMan;
		};
/* End PBXContainerItemProxy section */

/* Begin PBXFileReference section */
		0232872888283B71F922CE78 /* MockURLProtocol.swift */ = {isa = PBXFileReference; lastKnownFileType = sourcecode.swift; path = MockURLProtocol.swift; sourceTree = "<group>"; };
		08A18BD636AA806BF227DEFD /* AuthTab.swift */ = {isa = PBXFileReference; lastKnownFileType = sourcecode.swift; path = AuthTab.swift; sourceTree = "<group>"; };
		0D6E093BD0F09AD8AC7BBD68 /* ProjectStoreAdditionalTests.swift */ = {isa = PBXFileReference; lastKnownFileType = sourcecode.swift; path = ProjectStoreAdditionalTests.swift; sourceTree = "<group>"; };
		12818D4C06F12DAB74B8A037 /* ViewBodyTests.swift */ = {isa = PBXFileReference; lastKnownFileType = sourcecode.swift; path = ViewBodyTests.swift; sourceTree = "<group>"; };
		16B1333634325C9014B30215 /* RequestEditorStore.swift */ = {isa = PBXFileReference; lastKnownFileType = sourcecode.swift; path = RequestEditorStore.swift; sourceTree = "<group>"; };
		27592C48D763DBB3C5122AA4 /* OpenAPIParser.swift */ = {isa = PBXFileReference; lastKnownFileType = sourcecode.swift; path = OpenAPIParser.swift; sourceTree = "<group>"; };
		278B0F89749F7BAF2651F0ED /* HistoryItem.swift */ = {isa = PBXFileReference; lastKnownFileType = sourcecode.swift; path = HistoryItem.swift; sourceTree = "<group>"; };
		2FA60E72D2BEBD5463D92FB0 /* SnippetBuilder.swift */ = {isa = PBXFileReference; lastKnownFileType = sourcecode.swift; path = SnippetBuilder.swift; sourceTree = "<group>"; };
		309C10D35E14B1C32A139AE5 /* ViewBodyRequestSectionTests.swift */ = {isa = PBXFileReference; lastKnownFileType = sourcecode.swift; path = ViewBodyRequestSectionTests.swift; sourceTree = "<group>"; };
		32E29BFBE727A2F9044E73D0 /* OperationStoreTests.swift */ = {isa = PBXFileReference; lastKnownFileType = sourcecode.swift; path = OperationStoreTests.swift; sourceTree = "<group>"; };
		331D0CBD3D18384914C02DD8 /* ProjectStore.swift */ = {isa = PBXFileReference; lastKnownFileType = sourcecode.swift; path = ProjectStore.swift; sourceTree = "<group>"; };
		34F7964EA1B00527D3B0A052 /* OpenAPIParserAdditionalTests.swift */ = {isa = PBXFileReference; lastKnownFileType = sourcecode.swift; path = OpenAPIParserAdditionalTests.swift; sourceTree = "<group>"; };
		374A447C9230D2249E2084C6 /* HistoryStoreDeleteTests.swift */ = {isa = PBXFileReference; lastKnownFileType = sourcecode.swift; path = HistoryStoreDeleteTests.swift; sourceTree = "<group>"; };
		3F20ECBCB8B05CC12259B409 /* SwaggerManApp.swift */ = {isa = PBXFileReference; lastKnownFileType = sourcecode.swift; path = SwaggerManApp.swift; sourceTree = "<group>"; };
		3F9D1C30E3F0F4D175D0C4A7 /* HeadersTab.swift */ = {isa = PBXFileReference; lastKnownFileType = sourcecode.swift; path = HeadersTab.swift; sourceTree = "<group>"; };
		457130744A25CF369BA64496 /* RequestEditorStoreTests.swift */ = {isa = PBXFileReference; lastKnownFileType = sourcecode.swift; path = RequestEditorStoreTests.swift; sourceTree = "<group>"; };
		48E84030EE82B02866797926 /* HistoryStoreTests.swift */ = {isa = PBXFileReference; lastKnownFileType = sourcecode.swift; path = HistoryStoreTests.swift; sourceTree = "<group>"; };
		4E20515048111F4AB288E818 /* RequestCollection.swift */ = {isa = PBXFileReference; lastKnownFileType = sourcecode.swift; path = RequestCollection.swift; sourceTree = "<group>"; };
		50AC1909D2BEF6CEA6713E17 /* PersistenceModelTests.swift */ = {isa = PBXFileReference; lastKnownFileType = sourcecode.swift; path = PersistenceModelTests.swift; sourceTree = "<group>"; };
		5969A4F5BD5921F28DF68692 /* EnvironmentStore.swift */ = {isa = PBXFileReference; lastKnownFileType = sourcecode.swift; path = EnvironmentStore.swift; sourceTree = "<group>"; };
		5FB0D71794C859F51DC455F4 /* OpenAPIParserTests.swift */ = {isa = PBXFileReference; lastKnownFileType = sourcecode.swift; path = OpenAPIParserTests.swift; sourceTree = "<group>"; };
		61DEA09F6D90C81FC636072B /* FavoriteStore.swift */ = {isa = PBXFileReference; lastKnownFileType = sourcecode.swift; path = FavoriteStore.swift; sourceTree = "<group>"; };
		62D0C3B971847E595DC46323 /* ProjectListEditor.swift */ = {isa = PBXFileReference; lastKnownFileType = sourcecode.swift; path = ProjectListEditor.swift; sourceTree = "<group>"; };
		64CC7EE60ABDE433D5395B4A /* RequestEditorStoreHistoryTests.swift */ = {isa = PBXFileReference; lastKnownFileType = sourcecode.swift; path = RequestEditorStoreHistoryTests.swift; sourceTree = "<group>"; };
		64F1D6EF1D66D8B90F47B7BC /* ParsedSpec.swift */ = {isa = PBXFileReference; lastKnownFileType = sourcecode.swift; path = ParsedSpec.swift; sourceTree = "<group>"; };
		69361D4DB5BC006AB0B848EF /* RequestPaneView.swift */ = {isa = PBXFileReference; lastKnownFileType = sourcecode.swift; path = RequestPaneView.swift; sourceTree = "<group>"; };
		6B17EDA67B620F605EF7D167 /* SwaggerManError.swift */ = {isa = PBXFileReference; lastKnownFileType = sourcecode.swift; path = SwaggerManError.swift; sourceTree = "<group>"; };
		6BF9AE9A24ABC19490725ACF /* Color+HTTPStatus.swift */ = {isa = PBXFileReference; lastKnownFileType = sourcecode.swift; path = "Color+HTTPStatus.swift"; sourceTree = "<group>"; };
		6D44C6F0EA53F4BC29712C8D /* Placeholder.swift */ = {isa = PBXFileReference; lastKnownFileType = sourcecode.swift; path = Placeholder.swift; sourceTree = "<group>"; };
		6D7D745D56D7C8C9C78C7ECA /* Project.swift */ = {isa = PBXFileReference; lastKnownFileType = sourcecode.swift; path = Project.swift; sourceTree = "<group>"; };
		6FCDE48D3285F986E4DBC9D8 /* AuthorizeSheet.swift */ = {isa = PBXFileReference; lastKnownFileType = sourcecode.swift; path = AuthorizeSheet.swift; sourceTree = "<group>"; };
		703D49FC435639AE8C06D6E0 /* BodyTab.swift */ = {isa = PBXFileReference; lastKnownFileType = sourcecode.swift; path = BodyTab.swift; sourceTree = "<group>"; };
		721467F53D70168DBFA6BFD1 /* ParamsTab.swift */ = {isa = PBXFileReference; lastKnownFileType = sourcecode.swift; path = ParamsTab.swift; sourceTree = "<group>"; };
		74743855C2DA1865C9A0DFFA /* ProjectStoreTests.swift */ = {isa = PBXFileReference; lastKnownFileType = sourcecode.swift; path = ProjectStoreTests.swift; sourceTree = "<group>"; };
		762FE19D5939DB9E9FFD4A78 /* SpecCacheTests.swift */ = {isa = PBXFileReference; lastKnownFileType = sourcecode.swift; path = SpecCacheTests.swift; sourceTree = "<group>"; };
		789F794DBCB6AEA813331340 /* HTTPResponse.swift */ = {isa = PBXFileReference; lastKnownFileType = sourcecode.swift; path = HTTPResponse.swift; sourceTree = "<group>"; };
		79E9EE06CF56A0FE060E1B2C /* AuthTokenBar.swift */ = {isa = PBXFileReference; lastKnownFileType = sourcecode.swift; path = AuthTokenBar.swift; sourceTree = "<group>"; };
		7D271630BE62CEFBA75F5B93 /* MockServices.swift */ = {isa = PBXFileReference; lastKnownFileType = sourcecode.swift; path = MockServices.swift; sourceTree = "<group>"; };
		7DEE2D46662185752731E699 /* CurlBuilderTests.swift */ = {isa = PBXFileReference; lastKnownFileType = sourcecode.swift; path = CurlBuilderTests.swift; sourceTree = "<group>"; };
		7F1310A65B8AD0EC02905F3A /* TopBar.swift */ = {isa = PBXFileReference; lastKnownFileType = sourcecode.swift; path = TopBar.swift; sourceTree = "<group>"; };
		808E4F522ACED6C40C8A27E3 /* Operation.swift */ = {isa = PBXFileReference; lastKnownFileType = sourcecode.swift; path = Operation.swift; sourceTree = "<group>"; };
		84FD23B119C0EF0C8AF476F7 /* ViewBodySettingsTests.swift */ = {isa = PBXFileReference; lastKnownFileType = sourcecode.swift; path = ViewBodySettingsTests.swift; sourceTree = "<group>"; };
		8D4498D6A072185815FC0CB6 /* ModelContainerFactory.swift */ = {isa = PBXFileReference; lastKnownFileType = sourcecode.swift; path = ModelContainerFactory.swift; sourceTree = "<group>"; };
		9062C32CD9E4EB70E017B25F /* CurlBuilder.swift */ = {isa = PBXFileReference; lastKnownFileType = sourcecode.swift; path = CurlBuilder.swift; sourceTree = "<group>"; };
		924F234A82186768545ADDC7 /* FavoriteStoreTests.swift */ = {isa = PBXFileReference; lastKnownFileType = sourcecode.swift; path = FavoriteStoreTests.swift; sourceTree = "<group>"; };
		926DD7FBFC963B738C4C723D /* OperationStore.swift */ = {isa = PBXFileReference; lastKnownFileType = sourcecode.swift; path = OperationStore.swift; sourceTree = "<group>"; };
		938AFB9E5134726A33D42F24 /* ViewBodyFormActionTests.swift */ = {isa = PBXFileReference; lastKnownFileType = sourcecode.swift; path = ViewBodyFormActionTests.swift; sourceTree = "<group>"; };
		973C7165498B02D1F2C6E499 /* EnvironmentStoreAdditionalTests.swift */ = {isa = PBXFileReference; lastKnownFileType = sourcecode.swift; path = EnvironmentStoreAdditionalTests.swift; sourceTree = "<group>"; };
		97919EAA1F436C4A2AF320C7 /* SnippetBuilderTests.swift */ = {isa = PBXFileReference; lastKnownFileType = sourcecode.swift; path = SnippetBuilderTests.swift; sourceTree = "<group>"; };
		A2BA108919481C0027D5AF1A /* OperationStoreDiscoverTests.swift */ = {isa = PBXFileReference; lastKnownFileType = sourcecode.swift; path = OperationStoreDiscoverTests.swift; sourceTree = "<group>"; };
		AAC7B57BAA92A183D00B4FCB /* EnvironmentStoreTests.swift */ = {isa = PBXFileReference; lastKnownFileType = sourcecode.swift; path = EnvironmentStoreTests.swift; sourceTree = "<group>"; };
		AC0C1004E596254D3341DD1B /* SpecCache.swift */ = {isa = PBXFileReference; lastKnownFileType = sourcecode.swift; path = SpecCache.swift; sourceTree = "<group>"; };
		B12077D1B02E17A7FE2B6E0E /* EnvironmentEditor.swift */ = {isa = PBXFileReference; lastKnownFileType = sourcecode.swift; path = EnvironmentEditor.swift; sourceTree = "<group>"; };
		B71DFC167E78A6E9C0A9820D /* SwaggerMan.app */ = {isa = PBXFileReference; explicitFileType = wrapper.application; includeInIndex = 0; path = SwaggerMan.app; sourceTree = BUILT_PRODUCTS_DIR; };
		BF4A90FFBD1C7ECF08EED312 /* ViewBodyResponseTests.swift */ = {isa = PBXFileReference; lastKnownFileType = sourcecode.swift; path = ViewBodyResponseTests.swift; sourceTree = "<group>"; };
		C14D0853E92D00EB76DD6555 /* FavoriteOperation.swift */ = {isa = PBXFileReference; lastKnownFileType = sourcecode.swift; path = FavoriteOperation.swift; sourceTree = "<group>"; };
		C544CF623800C197935FFFAA /* ViewBodyRenderTests.swift */ = {isa = PBXFileReference; lastKnownFileType = sourcecode.swift; path = ViewBodyRenderTests.swift; sourceTree = "<group>"; };
		C59FF4575FF1EAF7524D153A /* ResponsePaneView.swift */ = {isa = PBXFileReference; lastKnownFileType = sourcecode.swift; path = ResponsePaneView.swift; sourceTree = "<group>"; };
		CA11152485126EE021E9F2C2 /* ViewBodyComponentTests.swift */ = {isa = PBXFileReference; lastKnownFileType = sourcecode.swift; path = ViewBodyComponentTests.swift; sourceTree = "<group>"; };
		CC272CB1EE427B38104CBC28 /* HTTPClientTests.swift */ = {isa = PBXFileReference; lastKnownFileType = sourcecode.swift; path = HTTPClientTests.swift; sourceTree = "<group>"; };
		CC4D6432A417F1295D346882 /* RequestEditorStoreAdditionalTests.swift */ = {isa = PBXFileReference; lastKnownFileType = sourcecode.swift; path = RequestEditorStoreAdditionalTests.swift; sourceTree = "<group>"; };
		CC90FB82B4747FF3594457B0 /* SavedRequest.swift */ = {isa = PBXFileReference; lastKnownFileType = sourcecode.swift; path = SavedRequest.swift; sourceTree = "<group>"; };
		D0C551C1B3F50B78FE0EA360 /* PersistenceTests.swift */ = {isa = PBXFileReference; lastKnownFileType = sourcecode.swift; path = PersistenceTests.swift; sourceTree = "<group>"; };
		DC8516FD82630ADE4A4D3DDE /* Protocols.swift */ = {isa = PBXFileReference; lastKnownFileType = sourcecode.swift; path = Protocols.swift; sourceTree = "<group>"; };
		DC86D6254F4B11874D1419A7 /* HTTPRequest.swift */ = {isa = PBXFileReference; lastKnownFileType = sourcecode.swift; path = HTTPRequest.swift; sourceTree = "<group>"; };
		DCCDF9E50D5C28F78BE52593 /* Assets.xcassets */ = {isa = PBXFileReference; lastKnownFileType = folder.assetcatalog; path = Assets.xcassets; sourceTree = "<group>"; };
		DECCE7EFD5AB5AAB04D2D054 /* APIEnvironment.swift */ = {isa = PBXFileReference; lastKnownFileType = sourcecode.swift; path = APIEnvironment.swift; sourceTree = "<group>"; };
		DF6A36E4B2D1D1C940AA296B /* HistoryStore.swift */ = {isa = PBXFileReference; lastKnownFileType = sourcecode.swift; path = HistoryStore.swift; sourceTree = "<group>"; };
		E217CB648EEB5FE2DA71880D /* SwaggerMan.entitlements */ = {isa = PBXFileReference; lastKnownFileType = text.plist.entitlements; path = SwaggerMan.entitlements; sourceTree = "<group>"; };
		E71639A2C13114AA869A29A2 /* ModelTests.swift */ = {isa = PBXFileReference; lastKnownFileType = sourcecode.swift; path = ModelTests.swift; sourceTree = "<group>"; };
		E9EE8955DD4AC216B916A619 /* SwaggerManTests.xctest */ = {isa = PBXFileReference; explicitFileType = wrapper.cfbundle; includeInIndex = 0; path = SwaggerManTests.xctest; sourceTree = BUILT_PRODUCTS_DIR; };
		EBF3AD128B05DBB11BD6D624 /* OperationStoreAdditionalTests.swift */ = {isa = PBXFileReference; lastKnownFileType = sourcecode.swift; path = OperationStoreAdditionalTests.swift; sourceTree = "<group>"; };
		F127BF4AE928639007808D35 /* HTTPClient.swift */ = {isa = PBXFileReference; lastKnownFileType = sourcecode.swift; path = HTTPClient.swift; sourceTree = "<group>"; };
		F659A87CAD169AF087503594 /* SidebarView.swift */ = {isa = PBXFileReference; lastKnownFileType = sourcecode.swift; path = SidebarView.swift; sourceTree = "<group>"; };
		F68704B64E7EA7F3B3F17F5A /* RequestSections.swift */ = {isa = PBXFileReference; lastKnownFileType = sourcecode.swift; path = RequestSections.swift; sourceTree = "<group>"; };
		FAA358F4C373334FF032AD94 /* Info.plist */ = {isa = PBXFileReference; lastKnownFileType = text.plist; path = Info.plist; sourceTree = "<group>"; };
		FC46B4D299E40B8FB191E1C5 /* RootView.swift */ = {isa = PBXFileReference; lastKnownFileType = sourcecode.swift; path = RootView.swift; sourceTree = "<group>"; };
/* End PBXFileReference section */

/* Begin PBXFrameworksBuildPhase section */
		74A64BF8B431BE6102D7D10C /* Frameworks */ = {
			isa = PBXFrameworksBuildPhase;
			buildActionMask = 2147483647;
			files = (
				393C7B66E9B8CADDA87F225E /* OpenAPIKit30 in Frameworks */,
				AA70BDC1B4333EE3A52DCCDC /* Yams in Frameworks */,
				E337F0C04AD8BED1E2EE57FA /* KeychainAccess in Frameworks */,
			);
			runOnlyForDeploymentPostprocessing = 0;
		};
		D0BDE2D40EBD669F4812F658 /* Frameworks */ = {
			isa = PBXFrameworksBuildPhase;
			buildActionMask = 2147483647;
			files = (
				5CE73B88E0E6CF6B846AD88E /* SnapshotTesting in Frameworks */,
			);
			runOnlyForDeploymentPostprocessing = 0;
		};
/* End PBXFrameworksBuildPhase section */

/* Begin PBXGroup section */
		132A274B0B5ADA9EE926909C /* Views */ = {
			isa = PBXGroup;
			children = (
				75DE33BE3F91144FFEFC51FB /* Request */,
				4039CFE130FF2EADE5493479 /* Response */,
				237965F651E6A559958AB663 /* Root */,
				89D1764C953CBCA3103DE8BF /* Settings */,
				3D3C8C7142E5B6E9571E5E12 /* Sidebar */,
			);
			path = Views;
			sourceTree = "<group>";
		};
		15374DE5201C193470CC6BB1 /* Services */ = {
			isa = PBXGroup;
			children = (
				9062C32CD9E4EB70E017B25F /* CurlBuilder.swift */,
				F127BF4AE928639007808D35 /* HTTPClient.swift */,
				27592C48D763DBB3C5122AA4 /* OpenAPIParser.swift */,
				DC8516FD82630ADE4A4D3DDE /* Protocols.swift */,
				2FA60E72D2BEBD5463D92FB0 /* SnippetBuilder.swift */,
				AC0C1004E596254D3341DD1B /* SpecCache.swift */,
			);
			path = Services;
			sourceTree = "<group>";
		};
		237965F651E6A559958AB663 /* Root */ = {
			isa = PBXGroup;
			children = (
				FC46B4D299E40B8FB191E1C5 /* RootView.swift */,
				7F1310A65B8AD0EC02905F3A /* TopBar.swift */,
			);
			path = Root;
			sourceTree = "<group>";
		};
		3D3C8C7142E5B6E9571E5E12 /* Sidebar */ = {
			isa = PBXGroup;
			children = (
				F659A87CAD169AF087503594 /* SidebarView.swift */,
			);
			path = Sidebar;
			sourceTree = "<group>";
		};
		3FB7355E95500A0FB373F7C8 /* Products */ = {
			isa = PBXGroup;
			children = (
				B71DFC167E78A6E9C0A9820D /* SwaggerMan.app */,
				E9EE8955DD4AC216B916A619 /* SwaggerManTests.xctest */,
			);
			name = Products;
			sourceTree = "<group>";
		};
		4039CFE130FF2EADE5493479 /* Response */ = {
			isa = PBXGroup;
			children = (
				C59FF4575FF1EAF7524D153A /* ResponsePaneView.swift */,
			);
			path = Response;
			sourceTree = "<group>";
		};
		40612CB6D05B7AF77FEAC3D2 /* Views */ = {
			isa = PBXGroup;
			children = (
				CA11152485126EE021E9F2C2 /* ViewBodyComponentTests.swift */,
				938AFB9E5134726A33D42F24 /* ViewBodyFormActionTests.swift */,
				C544CF623800C197935FFFAA /* ViewBodyRenderTests.swift */,
				309C10D35E14B1C32A139AE5 /* ViewBodyRequestSectionTests.swift */,
				BF4A90FFBD1C7ECF08EED312 /* ViewBodyResponseTests.swift */,
				84FD23B119C0EF0C8AF476F7 /* ViewBodySettingsTests.swift */,
				12818D4C06F12DAB74B8A037 /* ViewBodyTests.swift */,
			);
			path = Views;
			sourceTree = "<group>";
		};
		482F514B102DF6F855C1DC5D /* Models */ = {
			isa = PBXGroup;
			children = (
				E71639A2C13114AA869A29A2 /* ModelTests.swift */,
			);
			path = Models;
			sourceTree = "<group>";
		};
		6D8343C9D90C76647A174D0E /* TestHelpers */ = {
			isa = PBXGroup;
			children = (
				7D271630BE62CEFBA75F5B93 /* MockServices.swift */,
				0232872888283B71F922CE78 /* MockURLProtocol.swift */,
				8D4498D6A072185815FC0CB6 /* ModelContainerFactory.swift */,
				6D44C6F0EA53F4BC29712C8D /* Placeholder.swift */,
			);
			path = TestHelpers;
			sourceTree = "<group>";
		};
		75DE33BE3F91144FFEFC51FB /* Request */ = {
			isa = PBXGroup;
			children = (
				08A18BD636AA806BF227DEFD /* AuthTab.swift */,
				79E9EE06CF56A0FE060E1B2C /* AuthTokenBar.swift */,
				703D49FC435639AE8C06D6E0 /* BodyTab.swift */,
				3F9D1C30E3F0F4D175D0C4A7 /* HeadersTab.swift */,
				721467F53D70168DBFA6BFD1 /* ParamsTab.swift */,
				69361D4DB5BC006AB0B848EF /* RequestPaneView.swift */,
				F68704B64E7EA7F3B3F17F5A /* RequestSections.swift */,
			);
			path = Request;
			sourceTree = "<group>";
		};
		8699B4B18D6C361FED7F6101 /* App */ = {
			isa = PBXGroup;
			children = (
				3F20ECBCB8B05CC12259B409 /* SwaggerManApp.swift */,
			);
			path = App;
			sourceTree = "<group>";
		};
		89D1764C953CBCA3103DE8BF /* Settings */ = {
			isa = PBXGroup;
			children = (
				6FCDE48D3285F986E4DBC9D8 /* AuthorizeSheet.swift */,
				B12077D1B02E17A7FE2B6E0E /* EnvironmentEditor.swift */,
				62D0C3B971847E595DC46323 /* ProjectListEditor.swift */,
			);
			path = Settings;
			sourceTree = "<group>";
		};
		9369A42B744E65D8ECC68929 /* Services */ = {
			isa = PBXGroup;
			children = (
				7DEE2D46662185752731E699 /* CurlBuilderTests.swift */,
				CC272CB1EE427B38104CBC28 /* HTTPClientTests.swift */,
				34F7964EA1B00527D3B0A052 /* OpenAPIParserAdditionalTests.swift */,
				5FB0D71794C859F51DC455F4 /* OpenAPIParserTests.swift */,
				97919EAA1F436C4A2AF320C7 /* SnippetBuilderTests.swift */,
				762FE19D5939DB9E9FFD4A78 /* SpecCacheTests.swift */,
			);
			path = Services;
			sourceTree = "<group>";
		};
		9451E56BF79EED4107AF9772 /* Persistence */ = {
			isa = PBXGroup;
			children = (
				DECCE7EFD5AB5AAB04D2D054 /* APIEnvironment.swift */,
				C14D0853E92D00EB76DD6555 /* FavoriteOperation.swift */,
				278B0F89749F7BAF2651F0ED /* HistoryItem.swift */,
				6D7D745D56D7C8C9C78C7ECA /* Project.swift */,
				4E20515048111F4AB288E818 /* RequestCollection.swift */,
				CC90FB82B4747FF3594457B0 /* SavedRequest.swift */,
			);
			path = Persistence;
			sourceTree = "<group>";
		};
		B39C50ABF1165B75D60A714D = {
			isa = PBXGroup;
			children = (
				C5121655F99D563EFF442F4E /* SwaggerMan */,
				E608479DC7D2E956D22D37F3 /* SwaggerManTests */,
				3FB7355E95500A0FB373F7C8 /* Products */,
			);
			sourceTree = "<group>";
		};
		B6E9E64D063AF3A7E7685FA8 /* Resources */ = {
			isa = PBXGroup;
			children = (
				DCCDF9E50D5C28F78BE52593 /* Assets.xcassets */,
				FAA358F4C373334FF032AD94 /* Info.plist */,
			);
			path = Resources;
			sourceTree = "<group>";
		};
		C5121655F99D563EFF442F4E /* SwaggerMan */ = {
			isa = PBXGroup;
			children = (
				E217CB648EEB5FE2DA71880D /* SwaggerMan.entitlements */,
				8699B4B18D6C361FED7F6101 /* App */,
				FB4EF1FF2F067B933C08F141 /* Errors */,
				FDF15DA6CBC5A3FB4685052C /* Extensions */,
				D7671D641A044174DCAD9AF3 /* Models */,
				9451E56BF79EED4107AF9772 /* Persistence */,
				B6E9E64D063AF3A7E7685FA8 /* Resources */,
				15374DE5201C193470CC6BB1 /* Services */,
				E9918F69841B89B972394210 /* Stores */,
				132A274B0B5ADA9EE926909C /* Views */,
			);
			path = SwaggerMan;
			sourceTree = "<group>";
		};
		C53F25D3505FC4195874FE87 /* Integration */ = {
			isa = PBXGroup;
			children = (
				973C7165498B02D1F2C6E499 /* EnvironmentStoreAdditionalTests.swift */,
				AAC7B57BAA92A183D00B4FCB /* EnvironmentStoreTests.swift */,
				374A447C9230D2249E2084C6 /* HistoryStoreDeleteTests.swift */,
				48E84030EE82B02866797926 /* HistoryStoreTests.swift */,
				EBF3AD128B05DBB11BD6D624 /* OperationStoreAdditionalTests.swift */,
				32E29BFBE727A2F9044E73D0 /* OperationStoreTests.swift */,
				50AC1909D2BEF6CEA6713E17 /* PersistenceModelTests.swift */,
				D0C551C1B3F50B78FE0EA360 /* PersistenceTests.swift */,
				0D6E093BD0F09AD8AC7BBD68 /* ProjectStoreAdditionalTests.swift */,
				74743855C2DA1865C9A0DFFA /* ProjectStoreTests.swift */,
				CC4D6432A417F1295D346882 /* RequestEditorStoreAdditionalTests.swift */,
				64CC7EE60ABDE433D5395B4A /* RequestEditorStoreHistoryTests.swift */,
				457130744A25CF369BA64496 /* RequestEditorStoreTests.swift */,
			);
			path = Integration;
			sourceTree = "<group>";
		};
		D48A0009C983AB775236A195 /* Stores */ = {
			isa = PBXGroup;
			children = (
				924F234A82186768545ADDC7 /* FavoriteStoreTests.swift */,
				A2BA108919481C0027D5AF1A /* OperationStoreDiscoverTests.swift */,
			);
			path = Stores;
			sourceTree = "<group>";
		};
		D7671D641A044174DCAD9AF3 /* Models */ = {
			isa = PBXGroup;
			children = (
				DC86D6254F4B11874D1419A7 /* HTTPRequest.swift */,
				789F794DBCB6AEA813331340 /* HTTPResponse.swift */,
				808E4F522ACED6C40C8A27E3 /* Operation.swift */,
				64F1D6EF1D66D8B90F47B7BC /* ParsedSpec.swift */,
			);
			path = Models;
			sourceTree = "<group>";
		};
		E608479DC7D2E956D22D37F3 /* SwaggerManTests */ = {
			isa = PBXGroup;
			children = (
				C53F25D3505FC4195874FE87 /* Integration */,
				482F514B102DF6F855C1DC5D /* Models */,
				9369A42B744E65D8ECC68929 /* Services */,
				D48A0009C983AB775236A195 /* Stores */,
				6D8343C9D90C76647A174D0E /* TestHelpers */,
				40612CB6D05B7AF77FEAC3D2 /* Views */,
			);
			path = SwaggerManTests;
			sourceTree = "<group>";
		};
		E9918F69841B89B972394210 /* Stores */ = {
			isa = PBXGroup;
			children = (
				5969A4F5BD5921F28DF68692 /* EnvironmentStore.swift */,
				61DEA09F6D90C81FC636072B /* FavoriteStore.swift */,
				DF6A36E4B2D1D1C940AA296B /* HistoryStore.swift */,
				926DD7FBFC963B738C4C723D /* OperationStore.swift */,
				331D0CBD3D18384914C02DD8 /* ProjectStore.swift */,
				16B1333634325C9014B30215 /* RequestEditorStore.swift */,
			);
			path = Stores;
			sourceTree = "<group>";
		};
		FB4EF1FF2F067B933C08F141 /* Errors */ = {
			isa = PBXGroup;
			children = (
				6B17EDA67B620F605EF7D167 /* SwaggerManError.swift */,
			);
			path = Errors;
			sourceTree = "<group>";
		};
		FDF15DA6CBC5A3FB4685052C /* Extensions */ = {
			isa = PBXGroup;
			children = (
				6BF9AE9A24ABC19490725ACF /* Color+HTTPStatus.swift */,
			);
			path = Extensions;
			sourceTree = "<group>";
		};
/* End PBXGroup section */

/* Begin PBXNativeTarget section */
		472C23C76FB8D02A0B449DBB /* SwaggerManTests */ = {
			isa = PBXNativeTarget;
			buildConfigurationList = B829659CA1077938D0DC9C50 /* Build configuration list for PBXNativeTarget "SwaggerManTests" */;
			buildPhases = (
				B33ADC8AF6B8336F36040E5A /* Sources */,
				D0BDE2D40EBD669F4812F658 /* Frameworks */,
			);
			buildRules = (
			);
			dependencies = (
				151D74A63D29247515BF795D /* PBXTargetDependency */,
			);
			name = SwaggerManTests;
			packageProductDependencies = (
				C1432EC9278C04DD6E0CD004 /* SnapshotTesting */,
			);
			productName = SwaggerManTests;
			productReference = E9EE8955DD4AC216B916A619 /* SwaggerManTests.xctest */;
			productType = "com.apple.product-type.bundle.unit-test";
		};
		79B4E1F9C6CAED45D5DEC30C /* SwaggerMan */ = {
			isa = PBXNativeTarget;
			buildConfigurationList = EC992A59EB0EE6324999BBC4 /* Build configuration list for PBXNativeTarget "SwaggerMan" */;
			buildPhases = (
				A86A36C07F6FFFCA31816CEE /* Sources */,
				39D7A818CA004A5896C58750 /* Resources */,
				74A64BF8B431BE6102D7D10C /* Frameworks */,
				47FB2F3B8A183AC8A351D21F /* SwiftLint */,
			);
			buildRules = (
			);
			dependencies = (
			);
			name = SwaggerMan;
			packageProductDependencies = (
				0C149ED80EFC497E8DB17CB2 /* OpenAPIKit30 */,
				F509A6B39E3528F956DF929B /* Yams */,
				71BDFAF1A9574AC512D9B08F /* KeychainAccess */,
			);
			productName = SwaggerMan;
			productReference = B71DFC167E78A6E9C0A9820D /* SwaggerMan.app */;
			productType = "com.apple.product-type.application";
		};
/* End PBXNativeTarget section */

/* Begin PBXProject section */
		E24DF78E1A27B7320FD84DAA /* Project object */ = {
			isa = PBXProject;
			attributes = {
				BuildIndependentTargetsInParallel = YES;
				LastUpgradeCheck = 1600;
				TargetAttributes = {
					79B4E1F9C6CAED45D5DEC30C = {
						DevelopmentTeam = "";
						ProvisioningStyle = Automatic;
					};
				};
			};
			buildConfigurationList = AAF5779917F39C95F5E9E437 /* Build configuration list for PBXProject "SwaggerMan" */;
			developmentRegion = en;
			hasScannedForEncodings = 0;
			knownRegions = (
				Base,
				en,
			);
			mainGroup = B39C50ABF1165B75D60A714D;
			minimizedProjectReferenceProxies = 1;
			packageReferences = (
				34EAB3608D11DFC44B569C84 /* XCRemoteSwiftPackageReference "KeychainAccess" */,
				B4A748E7C738B1077559A27F /* XCRemoteSwiftPackageReference "OpenAPIKit" */,
				258E00D4E68C54758755D518 /* XCRemoteSwiftPackageReference "Yams" */,
				728D26A02B8786969E4789F6 /* XCRemoteSwiftPackageReference "swift-snapshot-testing" */,
			);
			preferredProjectObjectVersion = 77;
			productRefGroup = 3FB7355E95500A0FB373F7C8 /* Products */;
			projectDirPath = "";
			projectRoot = "";
			targets = (
				79B4E1F9C6CAED45D5DEC30C /* SwaggerMan */,
				472C23C76FB8D02A0B449DBB /* SwaggerManTests */,
			);
		};
/* End PBXProject section */

/* Begin PBXResourcesBuildPhase section */
		39D7A818CA004A5896C58750 /* Resources */ = {
			isa = PBXResourcesBuildPhase;
			buildActionMask = 2147483647;
			files = (
				248E8A934D1D13E6A88F672B /* Assets.xcassets in Resources */,
			);
			runOnlyForDeploymentPostprocessing = 0;
		};
/* End PBXResourcesBuildPhase section */

/* Begin PBXShellScriptBuildPhase section */
		47FB2F3B8A183AC8A351D21F /* SwiftLint */ = {
			isa = PBXShellScriptBuildPhase;
			alwaysOutOfDate = 1;
			buildActionMask = 2147483647;
			files = (
			);
			inputFileListPaths = (
			);
			inputPaths = (
			);
			name = SwiftLint;
			outputFileListPaths = (
			);
			outputPaths = (
			);
			runOnlyForDeploymentPostprocessing = 0;
			shellPath = /bin/sh;
			shellScript = "if which swiftlint > /dev/null; then\n  swiftlint --config \"${SRCROOT}/.swiftlint.yml\"\nelse\n  echo \"warning: SwiftLint not installed. Run: brew install swiftlint\"\nfi\n";
		};
/* End PBXShellScriptBuildPhase section */

/* Begin PBXSourcesBuildPhase section */
		A86A36C07F6FFFCA31816CEE /* Sources */ = {
			isa = PBXSourcesBuildPhase;
			buildActionMask = 2147483647;
			files = (
				3E5BEB1EE17445418F53D426 /* APIEnvironment.swift in Sources */,
				D161EB749901D339E7350BD7 /* AuthTab.swift in Sources */,
				1093DC51289005A4BD27BB83 /* AuthTokenBar.swift in Sources */,
				240CB85AD76A5918462F95D2 /* AuthorizeSheet.swift in Sources */,
				F93A499E3B17E594E97B228C /* BodyTab.swift in Sources */,
				57C882656DA7F87D6231B3FF /* Color+HTTPStatus.swift in Sources */,
				3D6D2CFCB6E1E61E6CBECE79 /* CurlBuilder.swift in Sources */,
				A954B8E9418C59A79D6DCF6A /* EnvironmentEditor.swift in Sources */,
				2964399335E1DA9F9CEDDBA3 /* EnvironmentStore.swift in Sources */,
				92E124973FB679263BE73833 /* FavoriteOperation.swift in Sources */,
				2A6BDD6C2DD777529B54F4C4 /* FavoriteStore.swift in Sources */,
				7D43F1170AC91B1BFBCCB586 /* HTTPClient.swift in Sources */,
				8F41631B5F1399856A5C9F88 /* HTTPRequest.swift in Sources */,
				4D0972A168C4C2060A23875C /* HTTPResponse.swift in Sources */,
				DB8CF4F8B59BCB5FFA259746 /* HeadersTab.swift in Sources */,
				6926FB87BFB9FBDBDA2BEF09 /* HistoryItem.swift in Sources */,
				46A700B5487A96F8CCC8172C /* HistoryStore.swift in Sources */,
				801A6430CC8E4A872DE05EDC /* OpenAPIParser.swift in Sources */,
				ECDA00520DFDBBB474D0D8A6 /* Operation.swift in Sources */,
				112B8F8270205C8C15037498 /* OperationStore.swift in Sources */,
				899A8D8904C1468C067B53B8 /* ParamsTab.swift in Sources */,
				2481D731871FB71DEA6F3B6B /* ParsedSpec.swift in Sources */,
				E46E110E35024CC470DAD734 /* Project.swift in Sources */,
				84161534B2D7B1BE7FD90E6F /* ProjectListEditor.swift in Sources */,
				C7104FC28C41526D383F0A01 /* ProjectStore.swift in Sources */,
				7C47657D9BC71901631647B9 /* Protocols.swift in Sources */,
				967A570A3EF061B84373EB05 /* RequestCollection.swift in Sources */,
				0F53B01C5FB418F2E0F21958 /* RequestEditorStore.swift in Sources */,
				B8744B6BD3C46660A33B9838 /* RequestPaneView.swift in Sources */,
				14FAC2056741C48F021B990D /* RequestSections.swift in Sources */,
				D1A5846A4211C266FC76E163 /* ResponsePaneView.swift in Sources */,
				19EA5B4E0E86E38B5BAAC478 /* RootView.swift in Sources */,
				965804DFAB50D5EC081D9D97 /* SavedRequest.swift in Sources */,
				8A765F6F615FC4F0C78A695C /* SidebarView.swift in Sources */,
				618A32FF8CA1969B53DB21F1 /* SnippetBuilder.swift in Sources */,
				2B9AC3557B4252D7BE49D0CB /* SpecCache.swift in Sources */,
				6FF47F8BCCD1AD840265F8AC /* SwaggerManApp.swift in Sources */,
				D8161EFC574E3B0E4B43ED13 /* SwaggerManError.swift in Sources */,
				AE56BC7182358F8AD81BB630 /* TopBar.swift in Sources */,
			);
			runOnlyForDeploymentPostprocessing = 0;
		};
		B33ADC8AF6B8336F36040E5A /* Sources */ = {
			isa = PBXSourcesBuildPhase;
			buildActionMask = 2147483647;
			files = (
				8004A63FD25EDF98BACD0112 /* CurlBuilderTests.swift in Sources */,
				11E8D68940EDF4F5662B66D7 /* EnvironmentStoreAdditionalTests.swift in Sources */,
				DFC973A31673DD1988184B9A /* EnvironmentStoreTests.swift in Sources */,
				47E410EF778B64A7B3A4A1AE /* FavoriteStoreTests.swift in Sources */,
				68A2048D0115BA9B60166BB9 /* HTTPClientTests.swift in Sources */,
				AF65780F95BB3204FCBDCA69 /* HistoryStoreDeleteTests.swift in Sources */,
				6FC5015E23170CC177AFCE32 /* HistoryStoreTests.swift in Sources */,
				C9608399FDA21E4C3FE13110 /* MockServices.swift in Sources */,
				AD8F794158DAC1B371F2F51F /* MockURLProtocol.swift in Sources */,
				25EC3ACDAF7D3361B9594DC7 /* ModelContainerFactory.swift in Sources */,
				0826E11270ED0FA237B705B2 /* ModelTests.swift in Sources */,
				63D419131EE39B6D9221A342 /* OpenAPIParserAdditionalTests.swift in Sources */,
				D4A53B6CCF45D44DCCB3C15E /* OpenAPIParserTests.swift in Sources */,
				E807817B6791828EB05BBBB6 /* OperationStoreAdditionalTests.swift in Sources */,
				01C0CB4BFE9E452022D2CCBA /* OperationStoreDiscoverTests.swift in Sources */,
				93809A9D8269F9F0018EA283 /* OperationStoreTests.swift in Sources */,
				8C01AFF1DE753019FFE54A22 /* PersistenceModelTests.swift in Sources */,
				85246807F05677D962084A5E /* PersistenceTests.swift in Sources */,
				AF4AD9BB0A8A980B23215DA3 /* Placeholder.swift in Sources */,
				343152CCF1BE6138255A5E29 /* ProjectStoreAdditionalTests.swift in Sources */,
				5F949B93FC55D72CA6402E8A /* ProjectStoreTests.swift in Sources */,
				72C216CFB037AB8C1E164C9E /* RequestEditorStoreAdditionalTests.swift in Sources */,
				B83CDBDD31E48FDC6E22F00F /* RequestEditorStoreHistoryTests.swift in Sources */,
				97EC482DCF3964ECEF239C7A /* RequestEditorStoreTests.swift in Sources */,
				62C02B3FAFE61A8C5645683A /* SnippetBuilderTests.swift in Sources */,
				1F84E3CBD50ED66A52725671 /* SpecCacheTests.swift in Sources */,
				D0C32598577279B7B4A2E40D /* ViewBodyComponentTests.swift in Sources */,
				B57C0D40E35D2FC5E60CC6F4 /* ViewBodyFormActionTests.swift in Sources */,
				318F0C7079BF7448E178FC51 /* ViewBodyRenderTests.swift in Sources */,
				6CB1A40C6AEF6947C8AAE8A4 /* ViewBodyRequestSectionTests.swift in Sources */,
				BAC6B7E6705E91A7B89AED33 /* ViewBodyResponseTests.swift in Sources */,
				0334E601141F319BD184765E /* ViewBodySettingsTests.swift in Sources */,
				4F22A03EA177FC3832A89B14 /* ViewBodyTests.swift in Sources */,
			);
			runOnlyForDeploymentPostprocessing = 0;
		};
/* End PBXSourcesBuildPhase section */

/* Begin PBXTargetDependency section */
		151D74A63D29247515BF795D /* PBXTargetDependency */ = {
			isa = PBXTargetDependency;
			target = 79B4E1F9C6CAED45D5DEC30C /* SwaggerMan */;
			targetProxy = F920363C51EFBBA0FF6F5668 /* PBXContainerItemProxy */;
		};
/* End PBXTargetDependency section */

/* Begin XCBuildConfiguration section */
		12A41F1B59EE154812C54F95 /* Release */ = {
			isa = XCBuildConfiguration;
			buildSettings = {
				ALWAYS_SEARCH_USER_PATHS = NO;
				CLANG_ANALYZER_NONNULL = YES;
				CLANG_ANALYZER_NUMBER_OBJECT_CONVERSION = YES_AGGRESSIVE;
				CLANG_CXX_LANGUAGE_STANDARD = "gnu++14";
				CLANG_CXX_LIBRARY = "libc++";
				CLANG_ENABLE_MODULES = YES;
				CLANG_ENABLE_OBJC_ARC = YES;
				CLANG_ENABLE_OBJC_WEAK = YES;
				CLANG_WARN_BLOCK_CAPTURE_AUTORELEASING = YES;
				CLANG_WARN_BOOL_CONVERSION = YES;
				CLANG_WARN_COMMA = YES;
				CLANG_WARN_CONSTANT_CONVERSION = YES;
				CLANG_WARN_DEPRECATED_OBJC_IMPLEMENTATIONS = YES;
				CLANG_WARN_DIRECT_OBJC_ISA_USAGE = YES_ERROR;
				CLANG_WARN_DOCUMENTATION_COMMENTS = YES;
				CLANG_WARN_EMPTY_BODY = YES;
				CLANG_WARN_ENUM_CONVERSION = YES;
				CLANG_WARN_INFINITE_RECURSION = YES;
				CLANG_WARN_INT_CONVERSION = YES;
				CLANG_WARN_NON_LITERAL_NULL_CONVERSION = YES;
				CLANG_WARN_OBJC_IMPLICIT_RETAIN_SELF = YES;
				CLANG_WARN_OBJC_LITERAL_CONVERSION = YES;
				CLANG_WARN_OBJC_ROOT_CLASS = YES_ERROR;
				CLANG_WARN_QUOTED_INCLUDE_IN_FRAMEWORK_HEADER = YES;
				CLANG_WARN_RANGE_LOOP_ANALYSIS = YES;
				CLANG_WARN_STRICT_PROTOTYPES = YES;
				CLANG_WARN_SUSPICIOUS_MOVE = YES;
				CLANG_WARN_UNGUARDED_AVAILABILITY = YES_AGGRESSIVE;
				CLANG_WARN_UNREACHABLE_CODE = YES;
				CLANG_WARN__DUPLICATE_METHOD_MATCH = YES;
				COPY_PHASE_STRIP = NO;
				DEBUG_INFORMATION_FORMAT = "dwarf-with-dsym";
				ENABLE_HARDENED_RUNTIME = YES;
				ENABLE_NS_ASSERTIONS = NO;
				ENABLE_STRICT_OBJC_MSGSEND = YES;
				GCC_C_LANGUAGE_STANDARD = gnu11;
				GCC_NO_COMMON_BLOCKS = YES;
				GCC_WARN_64_TO_32_BIT_CONVERSION = YES;
				GCC_WARN_ABOUT_RETURN_TYPE = YES_ERROR;
				GCC_WARN_UNDECLARED_SELECTOR = YES;
				GCC_WARN_UNINITIALIZED_AUTOS = YES_AGGRESSIVE;
				GCC_WARN_UNUSED_FUNCTION = YES;
				GCC_WARN_UNUSED_VARIABLE = YES;
				MACOSX_DEPLOYMENT_TARGET = 14.0;
				MTL_ENABLE_DEBUG_INFO = NO;
				MTL_FAST_MATH = YES;
				PRODUCT_NAME = "$(TARGET_NAME)";
				SDKROOT = macosx;
				SWIFT_COMPILATION_MODE = wholemodule;
				SWIFT_OPTIMIZATION_LEVEL = "-O";
				SWIFT_STRICT_CONCURRENCY = complete;
				SWIFT_VERSION = 5.9;
			};
			name = Release;
		};
		3749B5C0A2860BFF572B21D3 /* Debug */ = {
			isa = XCBuildConfiguration;
			buildSettings = {
				ALWAYS_SEARCH_USER_PATHS = NO;
				CLANG_ANALYZER_NONNULL = YES;
				CLANG_ANALYZER_NUMBER_OBJECT_CONVERSION = YES_AGGRESSIVE;
				CLANG_CXX_LANGUAGE_STANDARD = "gnu++14";
				CLANG_CXX_LIBRARY = "libc++";
				CLANG_ENABLE_MODULES = YES;
				CLANG_ENABLE_OBJC_ARC = YES;
				CLANG_ENABLE_OBJC_WEAK = YES;
				CLANG_WARN_BLOCK_CAPTURE_AUTORELEASING = YES;
				CLANG_WARN_BOOL_CONVERSION = YES;
				CLANG_WARN_COMMA = YES;
				CLANG_WARN_CONSTANT_CONVERSION = YES;
				CLANG_WARN_DEPRECATED_OBJC_IMPLEMENTATIONS = YES;
				CLANG_WARN_DIRECT_OBJC_ISA_USAGE = YES_ERROR;
				CLANG_WARN_DOCUMENTATION_COMMENTS = YES;
				CLANG_WARN_EMPTY_BODY = YES;
				CLANG_WARN_ENUM_CONVERSION = YES;
				CLANG_WARN_INFINITE_RECURSION = YES;
				CLANG_WARN_INT_CONVERSION = YES;
				CLANG_WARN_NON_LITERAL_NULL_CONVERSION = YES;
				CLANG_WARN_OBJC_IMPLICIT_RETAIN_SELF = YES;
				CLANG_WARN_OBJC_LITERAL_CONVERSION = YES;
				CLANG_WARN_OBJC_ROOT_CLASS = YES_ERROR;
				CLANG_WARN_QUOTED_INCLUDE_IN_FRAMEWORK_HEADER = YES;
				CLANG_WARN_RANGE_LOOP_ANALYSIS = YES;
				CLANG_WARN_STRICT_PROTOTYPES = YES;
				CLANG_WARN_SUSPICIOUS_MOVE = YES;
				CLANG_WARN_UNGUARDED_AVAILABILITY = YES_AGGRESSIVE;
				CLANG_WARN_UNREACHABLE_CODE = YES;
				CLANG_WARN__DUPLICATE_METHOD_MATCH = YES;
				COPY_PHASE_STRIP = NO;
				DEBUG_INFORMATION_FORMAT = dwarf;
				ENABLE_HARDENED_RUNTIME = YES;
				ENABLE_STRICT_OBJC_MSGSEND = YES;
				ENABLE_TESTABILITY = YES;
				GCC_C_LANGUAGE_STANDARD = gnu11;
				GCC_DYNAMIC_NO_PIC = NO;
				GCC_NO_COMMON_BLOCKS = YES;
				GCC_OPTIMIZATION_LEVEL = 0;
				GCC_PREPROCESSOR_DEFINITIONS = (
					"$(inherited)",
					"DEBUG=1",
				);
				GCC_WARN_64_TO_32_BIT_CONVERSION = YES;
				GCC_WARN_ABOUT_RETURN_TYPE = YES_ERROR;
				GCC_WARN_UNDECLARED_SELECTOR = YES;
				GCC_WARN_UNINITIALIZED_AUTOS = YES_AGGRESSIVE;
				GCC_WARN_UNUSED_FUNCTION = YES;
				GCC_WARN_UNUSED_VARIABLE = YES;
				MACOSX_DEPLOYMENT_TARGET = 14.0;
				MTL_ENABLE_DEBUG_INFO = INCLUDE_SOURCE;
				MTL_FAST_MATH = YES;
				ONLY_ACTIVE_ARCH = YES;
				PRODUCT_NAME = "$(TARGET_NAME)";
				SDKROOT = macosx;
				SWIFT_ACTIVE_COMPILATION_CONDITIONS = DEBUG;
				SWIFT_OPTIMIZATION_LEVEL = "-Onone";
				SWIFT_STRICT_CONCURRENCY = complete;
				SWIFT_VERSION = 5.9;
			};
			name = Debug;
		};
		56EFBA30E611F319A7E197BA /* Release */ = {
			isa = XCBuildConfiguration;
			buildSettings = {
				ASSETCATALOG_COMPILER_APPICON_NAME = AppIcon;
				CODE_SIGN_ENTITLEMENTS = SwaggerMan/SwaggerMan.entitlements;
				CODE_SIGN_STYLE = Automatic;
				COMBINE_HIDPI_IMAGES = YES;
				DEVELOPMENT_TEAM = "";
				INFOPLIST_FILE = SwaggerMan/Resources/Info.plist;
				LD_RUNPATH_SEARCH_PATHS = (
					"$(inherited)",
					"@executable_path/../Frameworks",
				);
				PRODUCT_BUNDLE_IDENTIFIER = com.swaggerman.app;
				PRODUCT_NAME = SwaggerMan;
				SDKROOT = macosx;
			};
			name = Release;
		};
		584A744854693925EDD7D699 /* Debug */ = {
			isa = XCBuildConfiguration;
			buildSettings = {
				BUNDLE_LOADER = "$(TEST_HOST)";
				COMBINE_HIDPI_IMAGES = YES;
				GENERATE_INFOPLIST_FILE = YES;
				LD_RUNPATH_SEARCH_PATHS = (
					"$(inherited)",
					"@executable_path/../Frameworks",
					"@loader_path/../Frameworks",
				);
				PRODUCT_BUNDLE_IDENTIFIER = com.swaggerman.tests;
				SDKROOT = macosx;
				TEST_HOST = "$(BUILT_PRODUCTS_DIR)/SwaggerMan.app/Contents/MacOS/SwaggerMan";
			};
			name = Debug;
		};
		6997454F9D4FACCCC88CF191 /* Debug */ = {
			isa = XCBuildConfiguration;
			buildSettings = {
				ASSETCATALOG_COMPILER_APPICON_NAME = AppIcon;
				CODE_SIGN_ENTITLEMENTS = SwaggerMan/SwaggerMan.entitlements;
				CODE_SIGN_STYLE = Automatic;
				COMBINE_HIDPI_IMAGES = YES;
				DEVELOPMENT_TEAM = "";
				INFOPLIST_FILE = SwaggerMan/Resources/Info.plist;
				LD_RUNPATH_SEARCH_PATHS = (
					"$(inherited)",
					"@executable_path/../Frameworks",
				);
				PRODUCT_BUNDLE_IDENTIFIER = com.swaggerman.app;
				PRODUCT_NAME = SwaggerMan;
				SDKROOT = macosx;
			};
			name = Debug;
		};
		DD21A339B1E818B320A03596 /* Release */ = {
			isa = XCBuildConfiguration;
			buildSettings = {
				BUNDLE_LOADER = "$(TEST_HOST)";
				COMBINE_HIDPI_IMAGES = YES;
				GENERATE_INFOPLIST_FILE = YES;
				LD_RUNPATH_SEARCH_PATHS = (
					"$(inherited)",
					"@executable_path/../Frameworks",
					"@loader_path/../Frameworks",
				);
				PRODUCT_BUNDLE_IDENTIFIER = com.swaggerman.tests;
				SDKROOT = macosx;
				TEST_HOST = "$(BUILT_PRODUCTS_DIR)/SwaggerMan.app/Contents/MacOS/SwaggerMan";
			};
			name = Release;
		};
/* End XCBuildConfiguration section */

/* Begin XCConfigurationList section */
		AAF5779917F39C95F5E9E437 /* Build configuration list for PBXProject "SwaggerMan" */ = {
			isa = XCConfigurationList;
			buildConfigurations = (
				3749B5C0A2860BFF572B21D3 /* Debug */,
				12A41F1B59EE154812C54F95 /* Release */,
			);
			defaultConfigurationIsVisible = 0;
			defaultConfigurationName = Debug;
		};
		B829659CA1077938D0DC9C50 /* Build configuration list for PBXNativeTarget "SwaggerManTests" */ = {
			isa = XCConfigurationList;
			buildConfigurations = (
				584A744854693925EDD7D699 /* Debug */,
				DD21A339B1E818B320A03596 /* Release */,
			);
			defaultConfigurationIsVisible = 0;
			defaultConfigurationName = Debug;
		};
		EC992A59EB0EE6324999BBC4 /* Build configuration list for PBXNativeTarget "SwaggerMan" */ = {
			isa = XCConfigurationList;
			buildConfigurations = (
				6997454F9D4FACCCC88CF191 /* Debug */,
				56EFBA30E611F319A7E197BA /* Release */,
			);
			defaultConfigurationIsVisible = 0;
			defaultConfigurationName = Debug;
		};
/* End XCConfigurationList section */

/* Begin XCRemoteSwiftPackageReference section */
		258E00D4E68C54758755D518 /* XCRemoteSwiftPackageReference "Yams" */ = {
			isa = XCRemoteSwiftPackageReference;
			repositoryURL = "https://github.com/jpsim/Yams";
			requirement = {
				kind = upToNextMajorVersion;
				minimumVersion = 5.0.0;
			};
		};
		34EAB3608D11DFC44B569C84 /* XCRemoteSwiftPackageReference "KeychainAccess" */ = {
			isa = XCRemoteSwiftPackageReference;
			repositoryURL = "https://github.com/kishikawakatsumi/KeychainAccess";
			requirement = {
				kind = upToNextMajorVersion;
				minimumVersion = 4.2.0;
			};
		};
		728D26A02B8786969E4789F6 /* XCRemoteSwiftPackageReference "swift-snapshot-testing" */ = {
			isa = XCRemoteSwiftPackageReference;
			repositoryURL = "https://github.com/pointfreeco/swift-snapshot-testing";
			requirement = {
				kind = upToNextMajorVersion;
				minimumVersion = 1.15.0;
			};
		};
		B4A748E7C738B1077559A27F /* XCRemoteSwiftPackageReference "OpenAPIKit" */ = {
			isa = XCRemoteSwiftPackageReference;
			repositoryURL = "https://github.com/mattpolzin/OpenAPIKit";
			requirement = {
				kind = upToNextMajorVersion;
				minimumVersion = 3.0.0;
			};
		};
/* End XCRemoteSwiftPackageReference section */

/* Begin XCSwiftPackageProductDependency section */
		0C149ED80EFC497E8DB17CB2 /* OpenAPIKit30 */ = {
			isa = XCSwiftPackageProductDependency;
			package = B4A748E7C738B1077559A27F /* XCRemoteSwiftPackageReference "OpenAPIKit" */;
			productName = OpenAPIKit30;
		};
		71BDFAF1A9574AC512D9B08F /* KeychainAccess */ = {
			isa = XCSwiftPackageProductDependency;
			package = 34EAB3608D11DFC44B569C84 /* XCRemoteSwiftPackageReference "KeychainAccess" */;
			productName = KeychainAccess;
		};
		C1432EC9278C04DD6E0CD004 /* SnapshotTesting */ = {
			isa = XCSwiftPackageProductDependency;
			package = 728D26A02B8786969E4789F6 /* XCRemoteSwiftPackageReference "swift-snapshot-testing" */;
			productName = SnapshotTesting;
		};
		F509A6B39E3528F956DF929B /* Yams */ = {
			isa = XCSwiftPackageProductDependency;
			package = 258E00D4E68C54758755D518 /* XCRemoteSwiftPackageReference "Yams" */;
			productName = Yams;
		};
/* End XCSwiftPackageProductDependency section */
	};
	rootObject = E24DF78E1A27B7320FD84DAA /* Project object */;
}
